
Microsoft Visual Studio Solution File, Format Version 12.00
# Visual Studio Version 17
VisualStudioVersion = 17.13.35919.96 d17.13
MinimumVisualStudioVersion = 10.0.40219.1
Project("{FAE04EC0-301F-11D3-BF4B-00C04F79EFBC}") = "MIRAL_Inserting Nodes to the Linked List", "MIRAL_Inserting Nodes to the Linked List\MIRAL_Inserting Nodes to the Linked List.csproj", "{0CDD6C23-6318-4099-8163-0916E4763CA0}"
EndProject
Global
	GlobalSection(SolutionConfigurationPlatforms) = preSolution
		Debug|Any CPU = Debug|Any CPU
		Release|Any CPU = Release|Any CPU
	EndGlobalSection
	GlobalSection(ProjectConfigurationPlatforms) = postSolution
		{0CDD6C23-6318-4099-8163-0916E4763CA0}.Debug|Any CPU.ActiveCfg = Debug|Any CPU
		{0CDD6C23-6318-4099-8163-0916E4763CA0}.Debug|Any CPU.Build.0 = Debug|Any CPU
		{0CDD6C23-6318-4099-8163-0916E4763CA0}.Release|Any CPU.ActiveCfg = Release|Any CPU
		{0CDD6C23-6318-4099-8163-0916E4763CA0}.Release|Any CPU.Build.0 = Release|Any CPU
	EndGlobalSection
	GlobalSection(SolutionProperties) = preSolution
		HideSolutionNode = FALSE
	EndGlobalSection
	GlobalSection(ExtensibilityGlobals) = postSolution
		SolutionGuid = {174C3372-1B02-4EBE-A56A-1526A43E1522}
	EndGlobalSection
EndGlobal
