
Microsoft Visual Studio Solution File, Format Version 12.00
# Visual Studio Version 17
VisualStudioVersion = 17.14.36221.1 d17.14
MinimumVisualStudioVersion = 10.0.40219.1
Project("{FAE04EC0-301F-11D3-BF4B-00C04F79EFBC}") = "MIRAL_Single Dimensional Array of Object in OOP", "MIRAL_Single Dimensional Array of Object in OOP\MIRAL_Single Dimensional Array of Object in OOP.csproj", "{6EC9B91A-AF94-4E59-B827-7DD71F4E6BB7}"
EndProject
Global
	GlobalSection(SolutionConfigurationPlatforms) = preSolution
		Debug|Any CPU = Debug|Any CPU
		Release|Any CPU = Release|Any CPU
	EndGlobalSection
	GlobalSection(ProjectConfigurationPlatforms) = postSolution
		{6EC9B91A-AF94-4E59-B827-7DD71F4E6BB7}.Debug|Any CPU.ActiveCfg = Debug|Any CPU
		{6EC9B91A-AF94-4E59-B827-7DD71F4E6BB7}.Debug|Any CPU.Build.0 = Debug|Any CPU
		{6EC9B91A-AF94-4E59-B827-7DD71F4E6BB7}.Release|Any CPU.ActiveCfg = Release|Any CPU
		{6EC9B91A-AF94-4E59-B827-7DD71F4E6BB7}.Release|Any CPU.Build.0 = Release|Any CPU
	EndGlobalSection
	GlobalSection(SolutionProperties) = preSolution
		HideSolutionNode = FALSE
	EndGlobalSection
	GlobalSection(ExtensibilityGlobals) = postSolution
		SolutionGuid = {A7B0B5A9-14AD-416B-BCF4-4DD0987B61B2}
	EndGlobalSection
EndGlobal
