
Microsoft Visual Studio Solution File, Format Version 12.00
# Visual Studio Version 17
VisualStudioVersion = 17.14.36221.1 d17.14
MinimumVisualStudioVersion = 10.0.40219.1
Project("{FAE04EC0-301F-11D3-BF4B-00C04F79EFBC}") = "MIRAL_2D Array of Objects", "MIRAL_2D Array of Objects\MIRAL_2D Array of Objects.csproj", "{07EC81B2-80B4-47A2-92AB-667F143E3A7A}"
EndProject
Global
	GlobalSection(SolutionConfigurationPlatforms) = preSolution
		Debug|Any CPU = Debug|Any CPU
		Release|Any CPU = Release|Any CPU
	EndGlobalSection
	GlobalSection(ProjectConfigurationPlatforms) = postSolution
		{07EC81B2-80B4-47A2-92AB-667F143E3A7A}.Debug|Any CPU.ActiveCfg = Debug|Any CPU
		{07EC81B2-80B4-47A2-92AB-667F143E3A7A}.Debug|Any CPU.Build.0 = Debug|Any CPU
		{07EC81B2-80B4-47A2-92AB-667F143E3A7A}.Release|Any CPU.ActiveCfg = Release|Any CPU
		{07EC81B2-80B4-47A2-92AB-667F143E3A7A}.Release|Any CPU.Build.0 = Release|Any CPU
	EndGlobalSection
	GlobalSection(SolutionProperties) = preSolution
		HideSolutionNode = FALSE
	EndGlobalSection
	GlobalSection(ExtensibilityGlobals) = postSolution
		SolutionGuid = {A3E476F7-AA49-4B20-AC7A-194059AA05BD}
	EndGlobalSection
EndGlobal
